
Microsoft Visual Studio Solution File, Format Version 12.00
# Visual Studio Version 17
VisualStudioVersion = 17.1.32210.238
MinimumVisualStudioVersion = 10.0.40219.1
Project("{FAE04EC0-301F-11D3-BF4B-00C04F79EFBC}") = "AspNetCoreMVCLocalizationDemo", "AspNetCoreMVCLocalizationDemo.csproj", "{E7E85180-E1E8-4D98-80C0-5F6100FB8B34}"
EndProject
Global
	GlobalSection(SolutionConfigurationPlatforms) = preSolution
		Debug|Any CPU = Debug|Any CPU
		Release|Any CPU = Release|Any CPU
	EndGlobalSection
	GlobalSection(ProjectConfigurationPlatforms) = postSolution
		{E7E85180-E1E8-4D98-80C0-5F6100FB8B34}.Debug|Any CPU.ActiveCfg = Debug|Any CPU
		{E7E85180-E1E8-4D98-80C0-5F6100FB8B34}.Debug|Any CPU.Build.0 = Debug|Any CPU
		{E7E85180-E1E8-4D98-80C0-5F6100FB8B34}.Release|Any CPU.ActiveCfg = Release|Any CPU
		{E7E85180-E1E8-4D98-80C0-5F6100FB8B34}.Release|Any CPU.Build.0 = Release|Any CPU
	EndGlobalSection
	GlobalSection(SolutionProperties) = preSolution
		HideSolutionNode = FALSE
	EndGlobalSection
	GlobalSection(ExtensibilityGlobals) = postSolution
		SolutionGuid = {E85B0852-4517-4920-9FF1-55B73CB7F85D}
	EndGlobalSection
EndGlobal
